
Microsoft Visual Studio Solution File, Format Version 12.00
# Visual Studio Version 17
VisualStudioVersion = 17.9.34622.214
MinimumVisualStudioVersion = 10.0.40219.1
Project("{FAE04EC0-301F-11D3-BF4B-00C04F79EFBC}") = "p_tech_lab_6", "p_tech_lab_6\p_tech_lab_6.csproj", "{7E20856A-DBCC-42CD-81C8-945080C49AF9}"
EndProject
Global
	GlobalSection(SolutionConfigurationPlatforms) = preSolution
		Debug|Any CPU = Debug|Any CPU
		Release|Any CPU = Release|Any CPU
	EndGlobalSection
	GlobalSection(ProjectConfigurationPlatforms) = postSolution
		{7E20856A-DBCC-42CD-81C8-945080C49AF9}.Debug|Any CPU.ActiveCfg = Debug|Any CPU
		{7E20856A-DBCC-42CD-81C8-945080C49AF9}.Debug|Any CPU.Build.0 = Debug|Any CPU
		{7E20856A-DBCC-42CD-81C8-945080C49AF9}.Release|Any CPU.ActiveCfg = Release|Any CPU
		{7E20856A-DBCC-42CD-81C8-945080C49AF9}.Release|Any CPU.Build.0 = Release|Any CPU
	EndGlobalSection
	GlobalSection(SolutionProperties) = preSolution
		HideSolutionNode = FALSE
	EndGlobalSection
	GlobalSection(ExtensibilityGlobals) = postSolution
		SolutionGuid = {2DE6C3C0-CE50-46BE-8E69-3D8A782B49B7}
	EndGlobalSection
EndGlobal
